%{
  "cortex": {:hex, :cortex, "0.6.0", "8094830fae266eb0ae34d1a58983c0c49484341f5044fb4dfb81746647bd2993", [:mix], [{:file_system, "~> 0.2", [hex: :file_system, repo: "hexpm", optional: false]}], "hexpm", "d0ef5a2b1269626149118684dc4ea77dbfbc67017f4b4065b71dcefa26cfcc49"},
  "file_system": {:hex, :file_system, "0.2.10", "fb082005a9cd1711c05b5248710f8826b02d7d1784e7c3451f9c1231d4fc162d", [:mix], [], "hexpm", "41195edbfb562a593726eda3b3e8b103a309b733ad25f3d642ba49696bf715dc"},
  "flexi": {:hex, :flexi, "0.4.2", "860b99400c9e98a8b0f84bc986a1436ac980753d494a939f379f195c8833a6f2", [:mix], [], "hexpm", "2ce3216777553c73fab7620972e2f7a7d825dbab9a610fe0c53347bc1948425c"},
  "floki": {:hex, :floki, "0.20.4", "be42ac911fece24b4c72f3b5846774b6e61b83fe685c2fc9d62093277fb3bc86", [:mix], [{:html_entities, "~> 0.4.0", [hex: :html_entities, repo: "hexpm", optional: false]}, {:mochiweb, "~> 2.15", [hex: :mochiweb, repo: "hexpm", optional: false]}], "hexpm", "2e7e21cd417c4b13523dd8b97379a33e5f432d4d1b149cf5ab496a4a29bdd7ab"},
  "html_entities": {:hex, :html_entities, "0.4.0", "f2fee876858cf6aaa9db608820a3209e45a087c5177332799592142b50e89a6b", [:mix], [], "hexpm", "3e3d7156a272950373ce5a4018b1490bea26676f8d6a7d409f6fac8568b8cb9a"},
  "mime": {:hex, :mime, "1.6.0", "dabde576a497cef4bbdd60aceee8160e02a6c89250d6c0b29e56c0dfb00db3d2", [:mix], [], "hexpm", "31a1a8613f8321143dde1dafc36006a17d28d02bdfecb9e95a880fa7aabd19a7"},
  "mochiweb": {:hex, :mochiweb, "2.22.0", "f104d6747c01a330c38613561977e565b788b9170055c5241ac9dd6e4617cba5", [:rebar3], [], "hexpm", "cbbd1fd315d283c576d1c8a13e0738f6dafb63dc840611249608697502a07655"},
  "mockery": {:hex, :mockery, "2.2.0", "67304d5e1d247e698b171913689369bd23c94e437b4a8f32777c6f74b98cb36f", [:mix], [], "hexpm", "103cd23789f97e607854c22b4b6b598e74753ec36278a767bdba5cfe32ec88c4"},
  "tesla": {:hex, :tesla, "1.0.0", "94a9059456d51266f3d40b75ff6be3d18496072ce5ffaabad03d6c00f065cfd1", [:mix], [{:exjsx, ">= 3.0.0", [hex: :exjsx, repo: "hexpm", optional: true]}, {:fuse, "~> 2.4", [hex: :fuse, repo: "hexpm", optional: true]}, {:hackney, "~> 1.6", [hex: :hackney, repo: "hexpm", optional: true]}, {:ibrowse, "~> 4.4.0", [hex: :ibrowse, repo: "hexpm", optional: true]}, {:jason, ">= 1.0.0", [hex: :jason, repo: "hexpm", optional: true]}, {:mime, "~> 1.0", [hex: :mime, repo: "hexpm", optional: false]}, {:poison, ">= 1.0.0", [hex: :poison, repo: "hexpm", optional: true]}], "hexpm", "eefee376cbe6be40348f746fd26e485d17721500c838a85bfd24048b7b3c469c"},
  "updater": {:git, "https://github.com/happycodrz/updater.git", "8a1db4151e4f8aae1719a172829c4e2fb254e0d3", []},
}
