%{
  "cortex": {:hex, :cortex, "0.5.0", "7b12ddcfa9fd61521dd3b841ef8a4758ccab895d6a5d4ed181a5a8ad4b4592a4", [:mix], [{:file_system, "~> 0.2", [hex: :file_system, repo: "hexpm", optional: false]}], "hexpm"},
  "file_system": {:hex, :file_system, "0.2.5", "a3060f063b116daf56c044c273f65202e36f75ec42e678dc10653056d3366054", [:mix], [], "hexpm"},
  "flexi": {:hex, :flexi, "0.3.1", "b2bacb381f478bec4da085384662983e1790976eb176514884ebd6917e3b6101", [:mix], [], "hexpm"},
  "floki": {:hex, :floki, "0.20.2", "8828562cf23dafc5887c54779369fe08eb32121ff87bf98fb154c7a2d8316679", [:mix], [{:html_entities, "~> 0.4.0", [hex: :html_entities, repo: "hexpm", optional: false]}, {:mochiweb, "~> 2.15", [hex: :mochiweb, repo: "hexpm", optional: false]}], "hexpm"},
  "html_entities": {:hex, :html_entities, "0.4.0", "f2fee876858cf6aaa9db608820a3209e45a087c5177332799592142b50e89a6b", [:mix], [], "hexpm"},
  "mime": {:hex, :mime, "1.3.0", "5e8d45a39e95c650900d03f897fbf99ae04f60ab1daa4a34c7a20a5151b7a5fe", [:mix], [], "hexpm"},
  "mochiweb": {:hex, :mochiweb, "2.15.0", "e1daac474df07651e5d17cc1e642c4069c7850dc4508d3db7263a0651330aacc", [:rebar3], [], "hexpm"},
  "mockery": {:hex, :mockery, "2.2.0", "67304d5e1d247e698b171913689369bd23c94e437b4a8f32777c6f74b98cb36f", [:mix], [], "hexpm"},
  "simplehttp": {:hex, :simplehttp, "0.4.1", "bae6fc738d3e7750ba9c90fc906cc7bbee308100a709828c54c5d5083f011e46", [:mix], [], "hexpm"},
  "tesla": {:hex, :tesla, "1.0.0", "94a9059456d51266f3d40b75ff6be3d18496072ce5ffaabad03d6c00f065cfd1", [:mix], [{:exjsx, ">= 3.0.0", [hex: :exjsx, repo: "hexpm", optional: true]}, {:fuse, "~> 2.4", [hex: :fuse, repo: "hexpm", optional: true]}, {:hackney, "~> 1.6", [hex: :hackney, repo: "hexpm", optional: true]}, {:ibrowse, "~> 4.4.0", [hex: :ibrowse, repo: "hexpm", optional: true]}, {:jason, ">= 1.0.0", [hex: :jason, repo: "hexpm", optional: true]}, {:mime, "~> 1.0", [hex: :mime, repo: "hexpm", optional: false]}, {:poison, ">= 1.0.0", [hex: :poison, repo: "hexpm", optional: true]}], "hexpm"},
}
